// !$*UTF8*$!
{
	archiveVersion = 1;
	classes = {
	};
	objectVersion = 48;
	objects = {

/* Begin PBXBuildFile section */
		28319A16201266FD00F917F6 /* SelectGenreViewController.swift in Sources */ = {isa = PBXBuildFile; fileRef = 28319A15201266FD00F917F6 /* SelectGenreViewController.swift */; };
		28319A1A20126C1600F917F6 /* AddCommentsViewController.swift in Sources */ = {isa = PBXBuildFile; fileRef = 28319A1920126C1600F917F6 /* AddCommentsViewController.swift */; };
		283BC3E0201306D200E058B8 /* SubmitViewController.swift in Sources */ = {isa = PBXBuildFile; fileRef = 283BC3DF201306D200E058B8 /* SubmitViewController.swift */; };
		283BC3E420130B8500E058B8 /* CloudKit.framework in Frameworks */ = {isa = PBXBuildFile; fileRef = 283BC3E320130B8500E058B8 /* CloudKit.framework */; };
		28431CB820111A79000F931F /* AppDelegate.swift in Sources */ = {isa = PBXBuildFile; fileRef = 28431CB720111A79000F931F /* AppDelegate.swift */; };
		28431CBA20111A79000F931F /* ViewController.swift in Sources */ = {isa = PBXBuildFile; fileRef = 28431CB920111A79000F931F /* ViewController.swift */; };
		28431CBD20111A79000F931F /* Main.storyboard in Resources */ = {isa = PBXBuildFile; fileRef = 28431CBB20111A79000F931F /* Main.storyboard */; };
		28431CBF20111A79000F931F /* Assets.xcassets in Resources */ = {isa = PBXBuildFile; fileRef = 28431CBE20111A79000F931F /* Assets.xcassets */; };
		28431CC220111A79000F931F /* LaunchScreen.storyboard in Resources */ = {isa = PBXBuildFile; fileRef = 28431CC020111A79000F931F /* LaunchScreen.storyboard */; };
		2849648D20116C6D006EAE6D /* RecordWhistleViewController.swift in Sources */ = {isa = PBXBuildFile; fileRef = 2849648C20116C6D006EAE6D /* RecordWhistleViewController.swift */; };
		28A65C262014493C0094841D /* MyGenresViewController.swift in Sources */ = {isa = PBXBuildFile; fileRef = 28A65C252014493C0094841D /* MyGenresViewController.swift */; };
		28E311802013B04B0058EDC3 /* Whistle.swift in Sources */ = {isa = PBXBuildFile; fileRef = 28E3117F2013B04B0058EDC3 /* Whistle.swift */; };
		28E311822013CBFA0058EDC3 /* ResultsViewController.swift in Sources */ = {isa = PBXBuildFile; fileRef = 28E311812013CBFA0058EDC3 /* ResultsViewController.swift */; };
/* End PBXBuildFile section */

/* Begin PBXFileReference section */
		28319A15201266FD00F917F6 /* SelectGenreViewController.swift */ = {isa = PBXFileReference; lastKnownFileType = sourcecode.swift; path = SelectGenreViewController.swift; sourceTree = "<group>"; };
		28319A1920126C1600F917F6 /* AddCommentsViewController.swift */ = {isa = PBXFileReference; lastKnownFileType = sourcecode.swift; path = AddCommentsViewController.swift; sourceTree = "<group>"; };
		283BC3DF201306D200E058B8 /* SubmitViewController.swift */ = {isa = PBXFileReference; lastKnownFileType = sourcecode.swift; path = SubmitViewController.swift; sourceTree = "<group>"; };
		283BC3E120130B7F00E058B8 /* Project33.entitlements */ = {isa = PBXFileReference; lastKnownFileType = text.plist.entitlements; path = Project33.entitlements; sourceTree = "<group>"; };
		283BC3E320130B8500E058B8 /* CloudKit.framework */ = {isa = PBXFileReference; lastKnownFileType = wrapper.framework; name = CloudKit.framework; path = System/Library/Frameworks/CloudKit.framework; sourceTree = SDKROOT; };
		28431CB420111A79000F931F /* Project33.app */ = {isa = PBXFileReference; explicitFileType = wrapper.application; includeInIndex = 0; path = Project33.app; sourceTree = BUILT_PRODUCTS_DIR; };
		28431CB720111A79000F931F /* AppDelegate.swift */ = {isa = PBXFileReference; lastKnownFileType = sourcecode.swift; path = AppDelegate.swift; sourceTree = "<group>"; };
		28431CB920111A79000F931F /* ViewController.swift */ = {isa = PBXFileReference; lastKnownFileType = sourcecode.swift; path = ViewController.swift; sourceTree = "<group>"; };
		28431CBC20111A79000F931F /* Base */ = {isa = PBXFileReference; lastKnownFileType = file.storyboard; name = Base; path = Base.lproj/Main.storyboard; sourceTree = "<group>"; };
		28431CBE20111A79000F931F /* Assets.xcassets */ = {isa = PBXFileReference; lastKnownFileType = folder.assetcatalog; path = Assets.xcassets; sourceTree = "<group>"; };
		28431CC120111A79000F931F /* Base */ = {isa = PBXFileReference; lastKnownFileType = file.storyboard; name = Base; path = Base.lproj/LaunchScreen.storyboard; sourceTree = "<group>"; };
		28431CC320111A79000F931F /* Info.plist */ = {isa = PBXFileReference; lastKnownFileType = text.plist.xml; path = Info.plist; sourceTree = "<group>"; };
		2849648C20116C6D006EAE6D /* RecordWhistleViewController.swift */ = {isa = PBXFileReference; lastKnownFileType = sourcecode.swift; path = RecordWhistleViewController.swift; sourceTree = "<group>"; };
		28A65C252014493C0094841D /* MyGenresViewController.swift */ = {isa = PBXFileReference; lastKnownFileType = sourcecode.swift; path = MyGenresViewController.swift; sourceTree = "<group>"; };
		28E3117F2013B04B0058EDC3 /* Whistle.swift */ = {isa = PBXFileReference; lastKnownFileType = sourcecode.swift; path = Whistle.swift; sourceTree = "<group>"; };
		28E311812013CBFA0058EDC3 /* ResultsViewController.swift */ = {isa = PBXFileReference; lastKnownFileType = sourcecode.swift; path = ResultsViewController.swift; sourceTree = "<group>"; };
/* End PBXFileReference section */

/* Begin PBXFrameworksBuildPhase section */
		28431CB120111A79000F931F /* Frameworks */ = {
			isa = PBXFrameworksBuildPhase;
			buildActionMask = 2147483647;
			files = (
				283BC3E420130B8500E058B8 /* CloudKit.framework in Frameworks */,
			);
			runOnlyForDeploymentPostprocessing = 0;
		};
/* End PBXFrameworksBuildPhase section */

/* Begin PBXGroup section */
		283BC3E220130B8500E058B8 /* Frameworks */ = {
			isa = PBXGroup;
			children = (
				283BC3E320130B8500E058B8 /* CloudKit.framework */,
			);
			name = Frameworks;
			sourceTree = "<group>";
		};
		28431CAB20111A79000F931F = {
			isa = PBXGroup;
			children = (
				28431CB620111A79000F931F /* Project33 */,
				28431CB520111A79000F931F /* Products */,
				283BC3E220130B8500E058B8 /* Frameworks */,
			);
			sourceTree = "<group>";
		};
		28431CB520111A79000F931F /* Products */ = {
			isa = PBXGroup;
			children = (
				28431CB420111A79000F931F /* Project33.app */,
			);
			name = Products;
			sourceTree = "<group>";
		};
		28431CB620111A79000F931F /* Project33 */ = {
			isa = PBXGroup;
			children = (
				283BC3E120130B7F00E058B8 /* Project33.entitlements */,
				28431CB720111A79000F931F /* AppDelegate.swift */,
				28431CB920111A79000F931F /* ViewController.swift */,
				28E311812013CBFA0058EDC3 /* ResultsViewController.swift */,
				28A65C252014493C0094841D /* MyGenresViewController.swift */,
				2849648C20116C6D006EAE6D /* RecordWhistleViewController.swift */,
				28319A15201266FD00F917F6 /* SelectGenreViewController.swift */,
				28319A1920126C1600F917F6 /* AddCommentsViewController.swift */,
				283BC3DF201306D200E058B8 /* SubmitViewController.swift */,
				28431CBB20111A79000F931F /* Main.storyboard */,
				28E3117F2013B04B0058EDC3 /* Whistle.swift */,
				28431CBE20111A79000F931F /* Assets.xcassets */,
				28431CC020111A79000F931F /* LaunchScreen.storyboard */,
				28431CC320111A79000F931F /* Info.plist */,
			);
			path = Project33;
			sourceTree = "<group>";
		};
/* End PBXGroup section */

/* Begin PBXNativeTarget section */
		28431CB320111A79000F931F /* Project33 */ = {
			isa = PBXNativeTarget;
			buildConfigurationList = 28431CC620111A79000F931F /* Build configuration list for PBXNativeTarget "Project33" */;
			buildPhases = (
				28431CB020111A79000F931F /* Sources */,
				28431CB120111A79000F931F /* Frameworks */,
				28431CB220111A79000F931F /* Resources */,
			);
			buildRules = (
			);
			dependencies = (
			);
			name = Project33;
			productName = Project33;
			productReference = 28431CB420111A79000F931F /* Project33.app */;
			productType = "com.apple.product-type.application";
		};
/* End PBXNativeTarget section */

/* Begin PBXProject section */
		28431CAC20111A79000F931F /* Project object */ = {
			isa = PBXProject;
			attributes = {
				LastSwiftUpdateCheck = 0920;
				LastUpgradeCheck = 0920;
				ORGANIZATIONNAME = Besher;
				TargetAttributes = {
					28431CB320111A79000F931F = {
						CreatedOnToolsVersion = 9.2;
						ProvisioningStyle = Automatic;
						SystemCapabilities = {
							com.apple.Push = {
								enabled = 1;
							};
							com.apple.iCloud = {
								enabled = 1;
							};
						};
					};
				};
			};
			buildConfigurationList = 28431CAF20111A79000F931F /* Build configuration list for PBXProject "Project33" */;
			compatibilityVersion = "Xcode 8.0";
			developmentRegion = en;
			hasScannedForEncodings = 0;
			knownRegions = (
				en,
				Base,
			);
			mainGroup = 28431CAB20111A79000F931F;
			productRefGroup = 28431CB520111A79000F931F /* Products */;
			projectDirPath = "";
			projectRoot = "";
			targets = (
				28431CB320111A79000F931F /* Project33 */,
			);
		};
/* End PBXProject section */

/* Begin PBXResourcesBuildPhase section */
		28431CB220111A79000F931F /* Resources */ = {
			isa = PBXResourcesBuildPhase;
			buildActionMask = 2147483647;
			files = (
				28431CC220111A79000F931F /* LaunchScreen.storyboard in Resources */,
				28431CBF20111A79000F931F /* Assets.xcassets in Resources */,
				28431CBD20111A79000F931F /* Main.storyboard in Resources */,
			);
			runOnlyForDeploymentPostprocessing = 0;
		};
/* End PBXResourcesBuildPhase section */

/* Begin PBXSourcesBuildPhase section */
		28431CB020111A79000F931F /* Sources */ = {
			isa = PBXSourcesBuildPhase;
			buildActionMask = 2147483647;
			files = (
				28431CBA20111A79000F931F /* ViewController.swift in Sources */,
				28319A1A20126C1600F917F6 /* AddCommentsViewController.swift in Sources */,
				28431CB820111A79000F931F /* AppDelegate.swift in Sources */,
				28319A16201266FD00F917F6 /* SelectGenreViewController.swift in Sources */,
				28A65C262014493C0094841D /* MyGenresViewController.swift in Sources */,
				28E311802013B04B0058EDC3 /* Whistle.swift in Sources */,
				283BC3E0201306D200E058B8 /* SubmitViewController.swift in Sources */,
				2849648D20116C6D006EAE6D /* RecordWhistleViewController.swift in Sources */,
				28E311822013CBFA0058EDC3 /* ResultsViewController.swift in Sources */,
			);
			runOnlyForDeploymentPostprocessing = 0;
		};
/* End PBXSourcesBuildPhase section */

/* Begin PBXVariantGroup section */
		28431CBB20111A79000F931F /* Main.storyboard */ = {
			isa = PBXVariantGroup;
			children = (
				28431CBC20111A79000F931F /* Base */,
			);
			name = Main.storyboard;
			sourceTree = "<group>";
		};
		28431CC020111A79000F931F /* LaunchScreen.storyboard */ = {
			isa = PBXVariantGroup;
			children = (
				28431CC120111A79000F931F /* Base */,
			);
			name = LaunchScreen.storyboard;
			sourceTree = "<group>";
		};
/* End PBXVariantGroup section */

/* Begin XCBuildConfiguration section */
		28431CC420111A79000F931F /* Debug */ = {
			isa = XCBuildConfiguration;
			buildSettings = {
				ALWAYS_SEARCH_USER_PATHS = NO;
				CLANG_ANALYZER_NONNULL = YES;
				CLANG_ANALYZER_NUMBER_OBJECT_CONVERSION = YES_AGGRESSIVE;
				CLANG_CXX_LANGUAGE_STANDARD = "gnu++14";
				CLANG_CXX_LIBRARY = "libc++";
				CLANG_ENABLE_MODULES = YES;
				CLANG_ENABLE_OBJC_ARC = YES;
				CLANG_WARN_BLOCK_CAPTURE_AUTORELEASING = YES;
				CLANG_WARN_BOOL_CONVERSION = YES;
				CLANG_WARN_COMMA = YES;
				CLANG_WARN_CONSTANT_CONVERSION = YES;
				CLANG_WARN_DIRECT_OBJC_ISA_USAGE = YES_ERROR;
				CLANG_WARN_DOCUMENTATION_COMMENTS = YES;
				CLANG_WARN_EMPTY_BODY = YES;
				CLANG_WARN_ENUM_CONVERSION = YES;
				CLANG_WARN_INFINITE_RECURSION = YES;
				CLANG_WARN_INT_CONVERSION = YES;
				CLANG_WARN_NON_LITERAL_NULL_CONVERSION = YES;
				CLANG_WARN_OBJC_LITERAL_CONVERSION = YES;
				CLANG_WARN_OBJC_ROOT_CLASS = YES_ERROR;
				CLANG_WARN_RANGE_LOOP_ANALYSIS = YES;
				CLANG_WARN_STRICT_PROTOTYPES = YES;
				CLANG_WARN_SUSPICIOUS_MOVE = YES;
				CLANG_WARN_UNGUARDED_AVAILABILITY = YES_AGGRESSIVE;
				CLANG_WARN_UNREACHABLE_CODE = YES;
				CLANG_WARN__DUPLICATE_METHOD_MATCH = YES;
				CODE_SIGN_IDENTITY = "iPhone Developer";
				COPY_PHASE_STRIP = NO;
				DEBUG_INFORMATION_FORMAT = dwarf;
				ENABLE_STRICT_OBJC_MSGSEND = YES;
				ENABLE_TESTABILITY = YES;
				GCC_C_LANGUAGE_STANDARD = gnu11;
				GCC_DYNAMIC_NO_PIC = NO;
				GCC_NO_COMMON_BLOCKS = YES;
				GCC_OPTIMIZATION_LEVEL = 0;
				GCC_PREPROCESSOR_DEFINITIONS = (
					"DEBUG=1",
					"$(inherited)",
				);
				GCC_WARN_64_TO_32_BIT_CONVERSION = YES;
				GCC_WARN_ABOUT_RETURN_TYPE = YES_ERROR;
				GCC_WARN_UNDECLARED_SELECTOR = YES;
				GCC_WARN_UNINITIALIZED_AUTOS = YES_AGGRESSIVE;
				GCC_WARN_UNUSED_FUNCTION = YES;
				GCC_WARN_UNUSED_VARIABLE = YES;
				IPHONEOS_DEPLOYMENT_TARGET = 11.2;
				MTL_ENABLE_DEBUG_INFO = YES;
				ONLY_ACTIVE_ARCH = YES;
				SDKROOT = iphoneos;
				SWIFT_ACTIVE_COMPILATION_CONDITIONS = DEBUG;
				SWIFT_OPTIMIZATION_LEVEL = "-Onone";
			};
			name = Debug;
		};
		28431CC520111A79000F931F /* Release */ = {
			isa = XCBuildConfiguration;
			buildSettings = {
				ALWAYS_SEARCH_USER_PATHS = NO;
				CLANG_ANALYZER_NONNULL = YES;
				CLANG_ANALYZER_NUMBER_OBJECT_CONVERSION = YES_AGGRESSIVE;
				CLANG_CXX_LANGUAGE_STANDARD = "gnu++14";
				CLANG_CXX_LIBRARY = "libc++";
				CLANG_ENABLE_MODULES = YES;
				CLANG_ENABLE_OBJC_ARC = YES;
				CLANG_WARN_BLOCK_CAPTURE_AUTORELEASING = YES;
				CLANG_WARN_BOOL_CONVERSION = YES;
				CLANG_WARN_COMMA = YES;
				CLANG_WARN_CONSTANT_CONVERSION = YES;
				CLANG_WARN_DIRECT_OBJC_ISA_USAGE = YES_ERROR;
				CLANG_WARN_DOCUMENTATION_COMMENTS = YES;
				CLANG_WARN_EMPTY_BODY = YES;
				CLANG_WARN_ENUM_CONVERSION = YES;
				CLANG_WARN_INFINITE_RECURSION = YES;
				CLANG_WARN_INT_CONVERSION = YES;
				CLANG_WARN_NON_LITERAL_NULL_CONVERSION = YES;
				CLANG_WARN_OBJC_LITERAL_CONVERSION = YES;
				CLANG_WARN_OBJC_ROOT_CLASS = YES_ERROR;
				CLANG_WARN_RANGE_LOOP_ANALYSIS = YES;
				CLANG_WARN_STRICT_PROTOTYPES = YES;
				CLANG_WARN_SUSPICIOUS_MOVE = YES;
				CLANG_WARN_UNGUARDED_AVAILABILITY = YES_AGGRESSIVE;
				CLANG_WARN_UNREACHABLE_CODE = YES;
				CLANG_WARN__DUPLICATE_METHOD_MATCH = YES;
				CODE_SIGN_IDENTITY = "iPhone Developer";
				COPY_PHASE_STRIP = NO;
				DEBUG_INFORMATION_FORMAT = "dwarf-with-dsym";
				ENABLE_NS_ASSERTIONS = NO;
				ENABLE_STRICT_OBJC_MSGSEND = YES;
				GCC_C_LANGUAGE_STANDARD = gnu11;
				GCC_NO_COMMON_BLOCKS = YES;
				GCC_WARN_64_TO_32_BIT_CONVERSION = YES;
				GCC_WARN_ABOUT_RETURN_TYPE = YES_ERROR;
				GCC_WARN_UNDECLARED_SELECTOR = YES;
				GCC_WARN_UNINITIALIZED_AUTOS = YES_AGGRESSIVE;
				GCC_WARN_UNUSED_FUNCTION = YES;
				GCC_WARN_UNUSED_VARIABLE = YES;
				IPHONEOS_DEPLOYMENT_TARGET = 11.2;
				MTL_ENABLE_DEBUG_INFO = NO;
				SDKROOT = iphoneos;
				SWIFT_OPTIMIZATION_LEVEL = "-Owholemodule";
				VALIDATE_PRODUCT = YES;
			};
			name = Release;
		};
		28431CC720111A79000F931F /* Debug */ = {
			isa = XCBuildConfiguration;
			buildSettings = {
				ASSETCATALOG_COMPILER_APPICON_NAME = AppIcon;
				CODE_SIGN_ENTITLEMENTS = Project33/Project33.entitlements;
				CODE_SIGN_STYLE = Automatic;
				DEVELOPMENT_TEAM = S9M2AHXJQE;
				INFOPLIST_FILE = Project33/Info.plist;
				IPHONEOS_DEPLOYMENT_TARGET = 10.2;
				LD_RUNPATH_SEARCH_PATHS = "$(inherited) @executable_path/Frameworks";
				PRODUCT_BUNDLE_IDENTIFIER = com.besher.Project33;
				PRODUCT_NAME = "$(TARGET_NAME)";
				SWIFT_VERSION = 4.0;
				TARGETED_DEVICE_FAMILY = "1,2";
			};
			name = Debug;
		};
		28431CC820111A79000F931F /* Release */ = {
			isa = XCBuildConfiguration;
			buildSettings = {
				ASSETCATALOG_COMPILER_APPICON_NAME = AppIcon;
				CODE_SIGN_ENTITLEMENTS = Project33/Project33.entitlements;
				CODE_SIGN_STYLE = Automatic;
				DEVELOPMENT_TEAM = S9M2AHXJQE;
				INFOPLIST_FILE = Project33/Info.plist;
				IPHONEOS_DEPLOYMENT_TARGET = 10.2;
				LD_RUNPATH_SEARCH_PATHS = "$(inherited) @executable_path/Frameworks";
				PRODUCT_BUNDLE_IDENTIFIER = com.besher.Project33;
				PRODUCT_NAME = "$(TARGET_NAME)";
				SWIFT_VERSION = 4.0;
				TARGETED_DEVICE_FAMILY = "1,2";
			};
			name = Release;
		};
/* End XCBuildConfiguration section */

/* Begin XCConfigurationList section */
		28431CAF20111A79000F931F /* Build configuration list for PBXProject "Project33" */ = {
			isa = XCConfigurationList;
			buildConfigurations = (
				28431CC420111A79000F931F /* Debug */,
				28431CC520111A79000F931F /* Release */,
			);
			defaultConfigurationIsVisible = 0;
			defaultConfigurationName = Release;
		};
		28431CC620111A79000F931F /* Build configuration list for PBXNativeTarget "Project33" */ = {
			isa = XCConfigurationList;
			buildConfigurations = (
				28431CC720111A79000F931F /* Debug */,
				28431CC820111A79000F931F /* Release */,
			);
			defaultConfigurationIsVisible = 0;
			defaultConfigurationName = Release;
		};
/* End XCConfigurationList section */
	};
	rootObject = 28431CAC20111A79000F931F /* Project object */;
}
